
Microsoft Visual Studio Solution File, Format Version 12.00
# Visual Studio Version 17
VisualStudioVersion = 17.12.35527.113
MinimumVisualStudioVersion = 10.0.40219.1
Project("{FAE04EC0-301F-11D3-BF4B-00C04F79EFBC}") = "Test", "Test\Test.csproj", "{29B7A42C-68D9-4F27-B7A8-54D60F776CB0}"
EndProject
Project("{2150E333-8FDC-42A3-9474-1A3956D46DE8}") = "Solution Items", "Solution Items", "{DDC6064A-ED67-440D-8067-0A76F4B998B1}"
	ProjectSection(SolutionItems) = preProject
		LICENSE = LICENSE
		README.md = README.md
	EndProjectSection
EndProject
Project("{FAE04EC0-301F-11D3-BF4B-00C04F79EFBC}") = "SqlDataLayer", "SqlDataLayer\SqlDataLayer.csproj", "{35E85FFA-BAFE-40D3-B4D5-435A5ED236F6}"
EndProject
Project("{FAE04EC0-301F-11D3-BF4B-00C04F79EFBC}") = "GenerateBooks", "GenerateBooks\GenerateBooks.csproj", "{28EC2FC6-FE03-4B57-96A3-B47201A61922}"
EndProject
Project("{FAE04EC0-301F-11D3-BF4B-00C04F79EFBC}") = "BooksApp", "BooksApp\BooksApp.csproj", "{89DEA2B6-53AA-4320-9C25-CB470E0024C5}"
EndProject
Project("{FAE04EC0-301F-11D3-BF4B-00C04F79EFBC}") = "SqlServiceLayer", "SqlServiceLayer\SqlServiceLayer.csproj", "{7B9DEBA0-C624-4DAD-8862-B39E2680AED4}"
EndProject
Project("{FAE04EC0-301F-11D3-BF4B-00C04F79EFBC}") = "CommonServiceLayer", "CommonServiceLayer\CommonServiceLayer.csproj", "{0ECCC446-DAC1-49A7-ADCC-16EF81382D10}"
EndProject
Global
	GlobalSection(SolutionConfigurationPlatforms) = preSolution
		Debug|Any CPU = Debug|Any CPU
		Release|Any CPU = Release|Any CPU
	EndGlobalSection
	GlobalSection(ProjectConfigurationPlatforms) = postSolution
		{29B7A42C-68D9-4F27-B7A8-54D60F776CB0}.Debug|Any CPU.ActiveCfg = Debug|Any CPU
		{29B7A42C-68D9-4F27-B7A8-54D60F776CB0}.Debug|Any CPU.Build.0 = Debug|Any CPU
		{29B7A42C-68D9-4F27-B7A8-54D60F776CB0}.Release|Any CPU.ActiveCfg = Release|Any CPU
		{29B7A42C-68D9-4F27-B7A8-54D60F776CB0}.Release|Any CPU.Build.0 = Release|Any CPU
		{35E85FFA-BAFE-40D3-B4D5-435A5ED236F6}.Debug|Any CPU.ActiveCfg = Debug|Any CPU
		{35E85FFA-BAFE-40D3-B4D5-435A5ED236F6}.Debug|Any CPU.Build.0 = Debug|Any CPU
		{35E85FFA-BAFE-40D3-B4D5-435A5ED236F6}.Release|Any CPU.ActiveCfg = Release|Any CPU
		{35E85FFA-BAFE-40D3-B4D5-435A5ED236F6}.Release|Any CPU.Build.0 = Release|Any CPU
		{28EC2FC6-FE03-4B57-96A3-B47201A61922}.Debug|Any CPU.ActiveCfg = Debug|Any CPU
		{28EC2FC6-FE03-4B57-96A3-B47201A61922}.Debug|Any CPU.Build.0 = Debug|Any CPU
		{28EC2FC6-FE03-4B57-96A3-B47201A61922}.Release|Any CPU.ActiveCfg = Release|Any CPU
		{28EC2FC6-FE03-4B57-96A3-B47201A61922}.Release|Any CPU.Build.0 = Release|Any CPU
		{89DEA2B6-53AA-4320-9C25-CB470E0024C5}.Debug|Any CPU.ActiveCfg = Debug|Any CPU
		{89DEA2B6-53AA-4320-9C25-CB470E0024C5}.Debug|Any CPU.Build.0 = Debug|Any CPU
		{89DEA2B6-53AA-4320-9C25-CB470E0024C5}.Release|Any CPU.ActiveCfg = Release|Any CPU
		{89DEA2B6-53AA-4320-9C25-CB470E0024C5}.Release|Any CPU.Build.0 = Release|Any CPU
		{7B9DEBA0-C624-4DAD-8862-B39E2680AED4}.Debug|Any CPU.ActiveCfg = Debug|Any CPU
		{7B9DEBA0-C624-4DAD-8862-B39E2680AED4}.Debug|Any CPU.Build.0 = Debug|Any CPU
		{7B9DEBA0-C624-4DAD-8862-B39E2680AED4}.Release|Any CPU.ActiveCfg = Release|Any CPU
		{7B9DEBA0-C624-4DAD-8862-B39E2680AED4}.Release|Any CPU.Build.0 = Release|Any CPU
		{0ECCC446-DAC1-49A7-ADCC-16EF81382D10}.Debug|Any CPU.ActiveCfg = Debug|Any CPU
		{0ECCC446-DAC1-49A7-ADCC-16EF81382D10}.Debug|Any CPU.Build.0 = Debug|Any CPU
		{0ECCC446-DAC1-49A7-ADCC-16EF81382D10}.Release|Any CPU.ActiveCfg = Release|Any CPU
		{0ECCC446-DAC1-49A7-ADCC-16EF81382D10}.Release|Any CPU.Build.0 = Release|Any CPU
	EndGlobalSection
	GlobalSection(SolutionProperties) = preSolution
		HideSolutionNode = FALSE
	EndGlobalSection
EndGlobal
